// !$*UTF8*$!
{
	archiveVersion = 1;
	classes = {
	};
	objectVersion = 50;
	objects = {

/* Begin PBXBuildFile section */
		004B98E62270961D00A8354B /* InternationalViewController.swift in Sources */ = {isa = PBXBuildFile; fileRef = 004B98E52270961D00A8354B /* InternationalViewController.swift */; };
		004B98F92270F10900A8354B /* HighstreetViewController.swift in Sources */ = {isa = PBXBuildFile; fileRef = 004B98F82270F10900A8354B /* HighstreetViewController.swift */; };
		00C2DDBD2270FCBF00225FFC /* AugmentedRealityViewController.swift in Sources */ = {isa = PBXBuildFile; fileRef = 00C2DDBC2270FCBF00225FFC /* AugmentedRealityViewController.swift */; };
		00E6D5D8226C9439003A1201 /* AppDelegate.swift in Sources */ = {isa = PBXBuildFile; fileRef = 00E6D5D7226C9439003A1201 /* AppDelegate.swift */; };
		00E6D5DA226C9439003A1201 /* ViewController.swift in Sources */ = {isa = PBXBuildFile; fileRef = 00E6D5D9226C9439003A1201 /* ViewController.swift */; };
		00E6D5DD226C9439003A1201 /* Main.storyboard in Resources */ = {isa = PBXBuildFile; fileRef = 00E6D5DB226C9439003A1201 /* Main.storyboard */; };
		00E6D5DF226C943E003A1201 /* Assets.xcassets in Resources */ = {isa = PBXBuildFile; fileRef = 00E6D5DE226C943E003A1201 /* Assets.xcassets */; };
		00E6D5E2226C943E003A1201 /* LaunchScreen.storyboard in Resources */ = {isa = PBXBuildFile; fileRef = 00E6D5E0226C943E003A1201 /* LaunchScreen.storyboard */; };
		00E6D644226CDB83003A1201 /* MaleUserViewController.swift in Sources */ = {isa = PBXBuildFile; fileRef = 00E6D642226CDB83003A1201 /* MaleUserViewController.swift */; };
		00E6D647226CDC6D003A1201 /* Global.swift in Sources */ = {isa = PBXBuildFile; fileRef = 00E6D646226CDC6D003A1201 /* Global.swift */; };
		00E6D64E226F44BB003A1201 /* FemaleUserViewController.swift in Sources */ = {isa = PBXBuildFile; fileRef = 00E6D64D226F44BB003A1201 /* FemaleUserViewController.swift */; };
		0D38FDF3D73C78F6BE34B238 /* Pods_zipa_final02.framework in Frameworks */ = {isa = PBXBuildFile; fileRef = 2D41B80FDB5F74965A619AF7 /* Pods_zipa_final02.framework */; };
/* End PBXBuildFile section */

/* Begin PBXCopyFilesBuildPhase section */
		00E6D607226C9468003A1201 /* Embed Frameworks */ = {
			isa = PBXCopyFilesBuildPhase;
			buildActionMask = 2147483647;
			dstPath = "";
			dstSubfolderSpec = 10;
			files = (
			);
			name = "Embed Frameworks";
			runOnlyForDeploymentPostprocessing = 0;
		};
/* End PBXCopyFilesBuildPhase section */

/* Begin PBXFileReference section */
		004B98E52270961D00A8354B /* InternationalViewController.swift */ = {isa = PBXFileReference; lastKnownFileType = sourcecode.swift; name = InternationalViewController.swift; path = ../InternationalViewController.swift; sourceTree = "<group>"; };
		004B98F82270F10900A8354B /* HighstreetViewController.swift */ = {isa = PBXFileReference; lastKnownFileType = sourcecode.swift; name = HighstreetViewController.swift; path = ../HighstreetViewController.swift; sourceTree = "<group>"; };
		00C2DDBC2270FCBF00225FFC /* AugmentedRealityViewController.swift */ = {isa = PBXFileReference; lastKnownFileType = sourcecode.swift; path = AugmentedRealityViewController.swift; sourceTree = "<group>"; };
		00E6D5D4226C9439003A1201 /* zipa_final02.app */ = {isa = PBXFileReference; explicitFileType = wrapper.application; includeInIndex = 0; path = zipa_final02.app; sourceTree = BUILT_PRODUCTS_DIR; };
		00E6D5D7226C9439003A1201 /* AppDelegate.swift */ = {isa = PBXFileReference; lastKnownFileType = sourcecode.swift; path = AppDelegate.swift; sourceTree = "<group>"; };
		00E6D5D9226C9439003A1201 /* ViewController.swift */ = {isa = PBXFileReference; lastKnownFileType = sourcecode.swift; path = ViewController.swift; sourceTree = "<group>"; };
		00E6D5DC226C9439003A1201 /* Base */ = {isa = PBXFileReference; lastKnownFileType = file.storyboard; name = Base; path = Base.lproj/Main.storyboard; sourceTree = "<group>"; };
		00E6D5DE226C943E003A1201 /* Assets.xcassets */ = {isa = PBXFileReference; lastKnownFileType = folder.assetcatalog; path = Assets.xcassets; sourceTree = "<group>"; };
		00E6D5E1226C943E003A1201 /* Base */ = {isa = PBXFileReference; lastKnownFileType = file.storyboard; name = Base; path = Base.lproj/LaunchScreen.storyboard; sourceTree = "<group>"; };
		00E6D5E3226C943E003A1201 /* Info.plist */ = {isa = PBXFileReference; lastKnownFileType = text.plist.xml; path = Info.plist; sourceTree = "<group>"; };
		00E6D642226CDB83003A1201 /* MaleUserViewController.swift */ = {isa = PBXFileReference; lastKnownFileType = sourcecode.swift; path = MaleUserViewController.swift; sourceTree = "<group>"; };
		00E6D646226CDC6D003A1201 /* Global.swift */ = {isa = PBXFileReference; lastKnownFileType = sourcecode.swift; path = Global.swift; sourceTree = "<group>"; };
		00E6D64D226F44BB003A1201 /* FemaleUserViewController.swift */ = {isa = PBXFileReference; lastKnownFileType = sourcecode.swift; name = FemaleUserViewController.swift; path = ../FemaleUserViewController.swift; sourceTree = "<group>"; };
		21A6FDF4D17A92F62318843F /* Pods-zipa_final02.release.xcconfig */ = {isa = PBXFileReference; includeInIndex = 1; lastKnownFileType = text.xcconfig; name = "Pods-zipa_final02.release.xcconfig"; path = "Target Support Files/Pods-zipa_final02/Pods-zipa_final02.release.xcconfig"; sourceTree = "<group>"; };
		2D41B80FDB5F74965A619AF7 /* Pods_zipa_final02.framework */ = {isa = PBXFileReference; explicitFileType = wrapper.framework; includeInIndex = 0; path = Pods_zipa_final02.framework; sourceTree = BUILT_PRODUCTS_DIR; };
		C0548BF5C02C7B5BC16D6484 /* Pods-zipa_final02.debug.xcconfig */ = {isa = PBXFileReference; includeInIndex = 1; lastKnownFileType = text.xcconfig; name = "Pods-zipa_final02.debug.xcconfig"; path = "Target Support Files/Pods-zipa_final02/Pods-zipa_final02.debug.xcconfig"; sourceTree = "<group>"; };
/* End PBXFileReference section */

/* Begin PBXFrameworksBuildPhase section */
		00E6D5D1226C9439003A1201 /* Frameworks */ = {
			isa = PBXFrameworksBuildPhase;
			buildActionMask = 2147483647;
			files = (
				0D38FDF3D73C78F6BE34B238 /* Pods_zipa_final02.framework in Frameworks */,
			);
			runOnlyForDeploymentPostprocessing = 0;
		};
/* End PBXFrameworksBuildPhase section */

/* Begin PBXGroup section */
		009D018E2275059100B3F9D9 /* View Controllers */ = {
			isa = PBXGroup;
			children = (
				00C2DDBC2270FCBF00225FFC /* AugmentedRealityViewController.swift */,
				004B98F82270F10900A8354B /* HighstreetViewController.swift */,
				004B98E52270961D00A8354B /* InternationalViewController.swift */,
				00E6D64D226F44BB003A1201 /* FemaleUserViewController.swift */,
				00E6D642226CDB83003A1201 /* MaleUserViewController.swift */,
			);
			path = "View Controllers";
			sourceTree = "<group>";
		};
		00E6D5CB226C9439003A1201 = {
			isa = PBXGroup;
			children = (
				00E6D5D6226C9439003A1201 /* zipa_final02 */,
				00E6D5D5226C9439003A1201 /* Products */,
				00E6D601226C9460003A1201 /* Frameworks */,
				DA7AA0CCF0B8E37C2B676DF8 /* Pods */,
			);
			sourceTree = "<group>";
		};
		00E6D5D5226C9439003A1201 /* Products */ = {
			isa = PBXGroup;
			children = (
				00E6D5D4226C9439003A1201 /* zipa_final02.app */,
			);
			name = Products;
			sourceTree = "<group>";
		};
		00E6D5D6226C9439003A1201 /* zipa_final02 */ = {
			isa = PBXGroup;
			children = (
				00E6D5D7226C9439003A1201 /* AppDelegate.swift */,
				00E6D5D9226C9439003A1201 /* ViewController.swift */,
				00E6D646226CDC6D003A1201 /* Global.swift */,
				009D018E2275059100B3F9D9 /* View Controllers */,
				00E6D5DB226C9439003A1201 /* Main.storyboard */,
				00E6D5DE226C943E003A1201 /* Assets.xcassets */,
				00E6D5E0226C943E003A1201 /* LaunchScreen.storyboard */,
				00E6D5E3226C943E003A1201 /* Info.plist */,
			);
			path = zipa_final02;
			sourceTree = "<group>";
		};
		00E6D601226C9460003A1201 /* Frameworks */ = {
			isa = PBXGroup;
			children = (
				2D41B80FDB5F74965A619AF7 /* Pods_zipa_final02.framework */,
			);
			name = Frameworks;
			sourceTree = "<group>";
		};
		DA7AA0CCF0B8E37C2B676DF8 /* Pods */ = {
			isa = PBXGroup;
			children = (
				C0548BF5C02C7B5BC16D6484 /* Pods-zipa_final02.debug.xcconfig */,
				21A6FDF4D17A92F62318843F /* Pods-zipa_final02.release.xcconfig */,
			);
			path = Pods;
			sourceTree = "<group>";
		};
/* End PBXGroup section */

/* Begin PBXNativeTarget section */
		00E6D5D3226C9439003A1201 /* zipa_final02 */ = {
			isa = PBXNativeTarget;
			buildConfigurationList = 00E6D5E6226C943E003A1201 /* Build configuration list for PBXNativeTarget "zipa_final02" */;
			buildPhases = (
				DF5CE74EFD8C50D2ABC23934 /* [CP] Check Pods Manifest.lock */,
				00E6D5D0226C9439003A1201 /* Sources */,
				00E6D5D1226C9439003A1201 /* Frameworks */,
				00E6D5D2226C9439003A1201 /* Resources */,
				00E6D607226C9468003A1201 /* Embed Frameworks */,
				560E4CDDE63217831C77E01C /* [CP] Embed Pods Frameworks */,
			);
			buildRules = (
			);
			dependencies = (
			);
			name = zipa_final02;
			productName = zipa_final02;
			productReference = 00E6D5D4226C9439003A1201 /* zipa_final02.app */;
			productType = "com.apple.product-type.application";
		};
/* End PBXNativeTarget section */

/* Begin PBXProject section */
		00E6D5CC226C9439003A1201 /* Project object */ = {
			isa = PBXProject;
			attributes = {
				LastSwiftUpdateCheck = 1020;
				LastUpgradeCheck = 1020;
				ORGANIZATIONNAME = "Lydia Kara";
				TargetAttributes = {
					00E6D5D3226C9439003A1201 = {
						CreatedOnToolsVersion = 10.2;
					};
				};
			};
			buildConfigurationList = 00E6D5CF226C9439003A1201 /* Build configuration list for PBXProject "zipa_final02" */;
			compatibilityVersion = "Xcode 9.3";
			developmentRegion = en;
			hasScannedForEncodings = 0;
			knownRegions = (
				en,
				Base,
			);
			mainGroup = 00E6D5CB226C9439003A1201;
			productRefGroup = 00E6D5D5226C9439003A1201 /* Products */;
			projectDirPath = "";
			projectRoot = "";
			targets = (
				00E6D5D3226C9439003A1201 /* zipa_final02 */,
			);
		};
/* End PBXProject section */

/* Begin PBXResourcesBuildPhase section */
		00E6D5D2226C9439003A1201 /* Resources */ = {
			isa = PBXResourcesBuildPhase;
			buildActionMask = 2147483647;
			files = (
				00E6D5E2226C943E003A1201 /* LaunchScreen.storyboard in Resources */,
				00E6D5DF226C943E003A1201 /* Assets.xcassets in Resources */,
				00E6D5DD226C9439003A1201 /* Main.storyboard in Resources */,
			);
			runOnlyForDeploymentPostprocessing = 0;
		};
/* End PBXResourcesBuildPhase section */

/* Begin PBXShellScriptBuildPhase section */
		560E4CDDE63217831C77E01C /* [CP] Embed Pods Frameworks */ = {
			isa = PBXShellScriptBuildPhase;
			buildActionMask = 2147483647;
			files = (
			);
			inputFileListPaths = (
			);
			inputPaths = (
				"${PODS_ROOT}/Target Support Files/Pods-zipa_final02/Pods-zipa_final02-frameworks.sh",
				"${BUILT_PRODUCTS_DIR}/CSV.swift/CSV.framework",
				"${BUILT_PRODUCTS_DIR}/SQLite.swift/SQLite.framework",
			);
			name = "[CP] Embed Pods Frameworks";
			outputFileListPaths = (
			);
			outputPaths = (
				"${TARGET_BUILD_DIR}/${FRAMEWORKS_FOLDER_PATH}/CSV.framework",
				"${TARGET_BUILD_DIR}/${FRAMEWORKS_FOLDER_PATH}/SQLite.framework",
			);
			runOnlyForDeploymentPostprocessing = 0;
			shellPath = /bin/sh;
			shellScript = "\"${PODS_ROOT}/Target Support Files/Pods-zipa_final02/Pods-zipa_final02-frameworks.sh\"\n";
			showEnvVarsInLog = 0;
		};
		DF5CE74EFD8C50D2ABC23934 /* [CP] Check Pods Manifest.lock */ = {
			isa = PBXShellScriptBuildPhase;
			buildActionMask = 2147483647;
			files = (
			);
			inputFileListPaths = (
			);
			inputPaths = (
				"${PODS_PODFILE_DIR_PATH}/Podfile.lock",
				"${PODS_ROOT}/Manifest.lock",
			);
			name = "[CP] Check Pods Manifest.lock";
			outputFileListPaths = (
			);
			outputPaths = (
				"$(DERIVED_FILE_DIR)/Pods-zipa_final02-checkManifestLockResult.txt",
			);
			runOnlyForDeploymentPostprocessing = 0;
			shellPath = /bin/sh;
			shellScript = "diff \"${PODS_PODFILE_DIR_PATH}/Podfile.lock\" \"${PODS_ROOT}/Manifest.lock\" > /dev/null\nif [ $? != 0 ] ; then\n    # print error to STDERR\n    echo \"error: The sandbox is not in sync with the Podfile.lock. Run 'pod install' or update your CocoaPods installation.\" >&2\n    exit 1\nfi\n# This output is used by Xcode 'outputs' to avoid re-running this script phase.\necho \"SUCCESS\" > \"${SCRIPT_OUTPUT_FILE_0}\"\n";
			showEnvVarsInLog = 0;
		};
/* End PBXShellScriptBuildPhase section */

/* Begin PBXSourcesBuildPhase section */
		00E6D5D0226C9439003A1201 /* Sources */ = {
			isa = PBXSourcesBuildPhase;
			buildActionMask = 2147483647;
			files = (
				00E6D647226CDC6D003A1201 /* Global.swift in Sources */,
				00E6D644226CDB83003A1201 /* MaleUserViewController.swift in Sources */,
				00C2DDBD2270FCBF00225FFC /* AugmentedRealityViewController.swift in Sources */,
				00E6D5DA226C9439003A1201 /* ViewController.swift in Sources */,
				004B98E62270961D00A8354B /* InternationalViewController.swift in Sources */,
				00E6D5D8226C9439003A1201 /* AppDelegate.swift in Sources */,
				00E6D64E226F44BB003A1201 /* FemaleUserViewController.swift in Sources */,
				004B98F92270F10900A8354B /* HighstreetViewController.swift in Sources */,
			);
			runOnlyForDeploymentPostprocessing = 0;
		};
/* End PBXSourcesBuildPhase section */

/* Begin PBXVariantGroup section */
		00E6D5DB226C9439003A1201 /* Main.storyboard */ = {
			isa = PBXVariantGroup;
			children = (
				00E6D5DC226C9439003A1201 /* Base */,
			);
			name = Main.storyboard;
			sourceTree = "<group>";
		};
		00E6D5E0226C943E003A1201 /* LaunchScreen.storyboard */ = {
			isa = PBXVariantGroup;
			children = (
				00E6D5E1226C943E003A1201 /* Base */,
			);
			name = LaunchScreen.storyboard;
			sourceTree = "<group>";
		};
/* End PBXVariantGroup section */

/* Begin XCBuildConfiguration section */
		00E6D5E4226C943E003A1201 /* Debug */ = {
			isa = XCBuildConfiguration;
			buildSettings = {
				ALWAYS_SEARCH_USER_PATHS = NO;
				CLANG_ANALYZER_NONNULL = YES;
				CLANG_ANALYZER_NUMBER_OBJECT_CONVERSION = YES_AGGRESSIVE;
				CLANG_CXX_LANGUAGE_STANDARD = "gnu++14";
				CLANG_CXX_LIBRARY = "libc++";
				CLANG_ENABLE_MODULES = YES;
				CLANG_ENABLE_OBJC_ARC = YES;
				CLANG_ENABLE_OBJC_WEAK = YES;
				CLANG_WARN_BLOCK_CAPTURE_AUTORELEASING = YES;
				CLANG_WARN_BOOL_CONVERSION = YES;
				CLANG_WARN_COMMA = YES;
				CLANG_WARN_CONSTANT_CONVERSION = YES;
				CLANG_WARN_DEPRECATED_OBJC_IMPLEMENTATIONS = YES;
				CLANG_WARN_DIRECT_OBJC_ISA_USAGE = YES_ERROR;
				CLANG_WARN_DOCUMENTATION_COMMENTS = YES;
				CLANG_WARN_EMPTY_BODY = YES;
				CLANG_WARN_ENUM_CONVERSION = YES;
				CLANG_WARN_INFINITE_RECURSION = YES;
				CLANG_WARN_INT_CONVERSION = YES;
				CLANG_WARN_NON_LITERAL_NULL_CONVERSION = YES;
				CLANG_WARN_OBJC_IMPLICIT_RETAIN_SELF = YES;
				CLANG_WARN_OBJC_LITERAL_CONVERSION = YES;
				CLANG_WARN_OBJC_ROOT_CLASS = YES_ERROR;
				CLANG_WARN_RANGE_LOOP_ANALYSIS = YES;
				CLANG_WARN_STRICT_PROTOTYPES = YES;
				CLANG_WARN_SUSPICIOUS_MOVE = YES;
				CLANG_WARN_UNGUARDED_AVAILABILITY = YES_AGGRESSIVE;
				CLANG_WARN_UNREACHABLE_CODE = YES;
				CLANG_WARN__DUPLICATE_METHOD_MATCH = YES;
				CODE_SIGN_IDENTITY = "iPhone Developer";
				COPY_PHASE_STRIP = NO;
				DEBUG_INFORMATION_FORMAT = dwarf;
				ENABLE_STRICT_OBJC_MSGSEND = YES;
				ENABLE_TESTABILITY = YES;
				GCC_C_LANGUAGE_STANDARD = gnu11;
				GCC_DYNAMIC_NO_PIC = NO;
				GCC_NO_COMMON_BLOCKS = YES;
				GCC_OPTIMIZATION_LEVEL = 0;
				GCC_PREPROCESSOR_DEFINITIONS = (
					"DEBUG=1",
					"$(inherited)",
				);
				GCC_WARN_64_TO_32_BIT_CONVERSION = YES;
				GCC_WARN_ABOUT_RETURN_TYPE = YES_ERROR;
				GCC_WARN_UNDECLARED_SELECTOR = YES;
				GCC_WARN_UNINITIALIZED_AUTOS = YES_AGGRESSIVE;
				GCC_WARN_UNUSED_FUNCTION = YES;
				GCC_WARN_UNUSED_VARIABLE = YES;
				IPHONEOS_DEPLOYMENT_TARGET = 12.2;
				MTL_ENABLE_DEBUG_INFO = INCLUDE_SOURCE;
				MTL_FAST_MATH = YES;
				ONLY_ACTIVE_ARCH = YES;
				SDKROOT = iphoneos;
				SWIFT_ACTIVE_COMPILATION_CONDITIONS = DEBUG;
				SWIFT_OPTIMIZATION_LEVEL = "-Onone";
			};
			name = Debug;
		};
		00E6D5E5226C943E003A1201 /* Release */ = {
			isa = XCBuildConfiguration;
			buildSettings = {
				ALWAYS_SEARCH_USER_PATHS = NO;
				CLANG_ANALYZER_NONNULL = YES;
				CLANG_ANALYZER_NUMBER_OBJECT_CONVERSION = YES_AGGRESSIVE;
				CLANG_CXX_LANGUAGE_STANDARD = "gnu++14";
				CLANG_CXX_LIBRARY = "libc++";
				CLANG_ENABLE_MODULES = YES;
				CLANG_ENABLE_OBJC_ARC = YES;
				CLANG_ENABLE_OBJC_WEAK = YES;
				CLANG_WARN_BLOCK_CAPTURE_AUTORELEASING = YES;
				CLANG_WARN_BOOL_CONVERSION = YES;
				CLANG_WARN_COMMA = YES;
				CLANG_WARN_CONSTANT_CONVERSION = YES;
				CLANG_WARN_DEPRECATED_OBJC_IMPLEMENTATIONS = YES;
				CLANG_WARN_DIRECT_OBJC_ISA_USAGE = YES_ERROR;
				CLANG_WARN_DOCUMENTATION_COMMENTS = YES;
				CLANG_WARN_EMPTY_BODY = YES;
				CLANG_WARN_ENUM_CONVERSION = YES;
				CLANG_WARN_INFINITE_RECURSION = YES;
				CLANG_WARN_INT_CONVERSION = YES;
				CLANG_WARN_NON_LITERAL_NULL_CONVERSION = YES;
				CLANG_WARN_OBJC_IMPLICIT_RETAIN_SELF = YES;
				CLANG_WARN_OBJC_LITERAL_CONVERSION = YES;
				CLANG_WARN_OBJC_ROOT_CLASS = YES_ERROR;
				CLANG_WARN_RANGE_LOOP_ANALYSIS = YES;
				CLANG_WARN_STRICT_PROTOTYPES = YES;
				CLANG_WARN_SUSPICIOUS_MOVE = YES;
				CLANG_WARN_UNGUARDED_AVAILABILITY = YES_AGGRESSIVE;
				CLANG_WARN_UNREACHABLE_CODE = YES;
				CLANG_WARN__DUPLICATE_METHOD_MATCH = YES;
				CODE_SIGN_IDENTITY = "iPhone Developer";
				COPY_PHASE_STRIP = NO;
				DEBUG_INFORMATION_FORMAT = "dwarf-with-dsym";
				ENABLE_NS_ASSERTIONS = NO;
				ENABLE_STRICT_OBJC_MSGSEND = YES;
				GCC_C_LANGUAGE_STANDARD = gnu11;
				GCC_NO_COMMON_BLOCKS = YES;
				GCC_WARN_64_TO_32_BIT_CONVERSION = YES;
				GCC_WARN_ABOUT_RETURN_TYPE = YES_ERROR;
				GCC_WARN_UNDECLARED_SELECTOR = YES;
				GCC_WARN_UNINITIALIZED_AUTOS = YES_AGGRESSIVE;
				GCC_WARN_UNUSED_FUNCTION = YES;
				GCC_WARN_UNUSED_VARIABLE = YES;
				IPHONEOS_DEPLOYMENT_TARGET = 12.2;
				MTL_ENABLE_DEBUG_INFO = NO;
				MTL_FAST_MATH = YES;
				SDKROOT = iphoneos;
				SWIFT_COMPILATION_MODE = wholemodule;
				SWIFT_OPTIMIZATION_LEVEL = "-O";
				VALIDATE_PRODUCT = YES;
			};
			name = Release;
		};
		00E6D5E7226C943E003A1201 /* Debug */ = {
			isa = XCBuildConfiguration;
			baseConfigurationReference = C0548BF5C02C7B5BC16D6484 /* Pods-zipa_final02.debug.xcconfig */;
			buildSettings = {
				ALWAYS_EMBED_SWIFT_STANDARD_LIBRARIES = YES;
				ASSETCATALOG_COMPILER_APPICON_NAME = AppIcon;
				ASSETCATALOG_COMPILER_LAUNCHIMAGE_NAME = LaunchImage;
				CODE_SIGN_STYLE = Automatic;
				DEVELOPMENT_TEAM = X8P8D8R4SZ;
				INFOPLIST_FILE = zipa_final02/Info.plist;
				LD_RUNPATH_SEARCH_PATHS = (
					"$(inherited)",
					"@executable_path/Frameworks",
				);
				PRODUCT_BUNDLE_IDENTIFIER = "com.example.zipa-final02";
				PRODUCT_NAME = "$(TARGET_NAME)";
				SWIFT_VERSION = 5.0;
				TARGETED_DEVICE_FAMILY = "1,2";
			};
			name = Debug;
		};
		00E6D5E8226C943E003A1201 /* Release */ = {
			isa = XCBuildConfiguration;
			baseConfigurationReference = 21A6FDF4D17A92F62318843F /* Pods-zipa_final02.release.xcconfig */;
			buildSettings = {
				ALWAYS_EMBED_SWIFT_STANDARD_LIBRARIES = YES;
				ASSETCATALOG_COMPILER_APPICON_NAME = AppIcon;
				ASSETCATALOG_COMPILER_LAUNCHIMAGE_NAME = LaunchImage;
				CODE_SIGN_STYLE = Automatic;
				DEVELOPMENT_TEAM = X8P8D8R4SZ;
				INFOPLIST_FILE = zipa_final02/Info.plist;
				LD_RUNPATH_SEARCH_PATHS = (
					"$(inherited)",
					"@executable_path/Frameworks",
				);
				PRODUCT_BUNDLE_IDENTIFIER = "com.example.zipa-final02";
				PRODUCT_NAME = "$(TARGET_NAME)";
				SWIFT_VERSION = 5.0;
				TARGETED_DEVICE_FAMILY = "1,2";
			};
			name = Release;
		};
/* End XCBuildConfiguration section */

/* Begin XCConfigurationList section */
		00E6D5CF226C9439003A1201 /* Build configuration list for PBXProject "zipa_final02" */ = {
			isa = XCConfigurationList;
			buildConfigurations = (
				00E6D5E4226C943E003A1201 /* Debug */,
				00E6D5E5226C943E003A1201 /* Release */,
			);
			defaultConfigurationIsVisible = 0;
			defaultConfigurationName = Release;
		};
		00E6D5E6226C943E003A1201 /* Build configuration list for PBXNativeTarget "zipa_final02" */ = {
			isa = XCConfigurationList;
			buildConfigurations = (
				00E6D5E7226C943E003A1201 /* Debug */,
				00E6D5E8226C943E003A1201 /* Release */,
			);
			defaultConfigurationIsVisible = 0;
			defaultConfigurationName = Release;
		};
/* End XCConfigurationList section */
	};
	rootObject = 00E6D5CC226C9439003A1201 /* Project object */;
}
